
Microsoft Visual Studio Solution File, Format Version 12.00
# Visual Studio Version 17
VisualStudioVersion = 17.9.34902.65
MinimumVisualStudioVersion = 10.0.40219.1
Project("{FAE04EC0-301F-11D3-BF4B-00C04F79EFBC}") = "Enumeration", "src\Enumeration\Enumeration.csproj", "{0ADF4B87-FC94-4B53-B40A-B8F9E0076863}"
EndProject
Project("{2150E333-8FDC-42A3-9474-1A3956D46DE8}") = "src", "src", "{64451919-BBCF-4658-B0DA-0DDC7FF23FBE}"
EndProject
Project("{2150E333-8FDC-42A3-9474-1A3956D46DE8}") = "tests", "tests", "{92E8B4B2-17ED-4913-9EF8-10BAED00A6BB}"
EndProject
Project("{FAE04EC0-301F-11D3-BF4B-00C04F79EFBC}") = "Enumeration.UnitTests", "tests\Enumeration.UnitTests\Enumeration.UnitTests.csproj", "{3580ED8B-BF00-4267-B92B-29CB25506E00}"
EndProject
Global
	GlobalSection(SolutionConfigurationPlatforms) = preSolution
		Debug|Any CPU = Debug|Any CPU
		Release|Any CPU = Release|Any CPU
	EndGlobalSection
	GlobalSection(ProjectConfigurationPlatforms) = postSolution
		{0ADF4B87-FC94-4B53-B40A-B8F9E0076863}.Debug|Any CPU.ActiveCfg = Debug|Any CPU
		{0ADF4B87-FC94-4B53-B40A-B8F9E0076863}.Debug|Any CPU.Build.0 = Debug|Any CPU
		{0ADF4B87-FC94-4B53-B40A-B8F9E0076863}.Release|Any CPU.ActiveCfg = Release|Any CPU
		{0ADF4B87-FC94-4B53-B40A-B8F9E0076863}.Release|Any CPU.Build.0 = Release|Any CPU
		{3580ED8B-BF00-4267-B92B-29CB25506E00}.Debug|Any CPU.ActiveCfg = Debug|Any CPU
		{3580ED8B-BF00-4267-B92B-29CB25506E00}.Debug|Any CPU.Build.0 = Debug|Any CPU
		{3580ED8B-BF00-4267-B92B-29CB25506E00}.Release|Any CPU.ActiveCfg = Release|Any CPU
		{3580ED8B-BF00-4267-B92B-29CB25506E00}.Release|Any CPU.Build.0 = Release|Any CPU
	EndGlobalSection
	GlobalSection(SolutionProperties) = preSolution
		HideSolutionNode = FALSE
	EndGlobalSection
	GlobalSection(NestedProjects) = preSolution
		{0ADF4B87-FC94-4B53-B40A-B8F9E0076863} = {64451919-BBCF-4658-B0DA-0DDC7FF23FBE}
		{3580ED8B-BF00-4267-B92B-29CB25506E00} = {92E8B4B2-17ED-4913-9EF8-10BAED00A6BB}
	EndGlobalSection
	GlobalSection(ExtensibilityGlobals) = postSolution
		SolutionGuid = {16A35783-274F-45FE-B6C5-33D26CB2DEEE}
	EndGlobalSection
EndGlobal
